{
  "nodes": {
    "nixpkgs": {
      "locked": {
        "lastModified": 1605044552,
        "narHash": "sha256-5woyPOkrdfIA+yMbivOrRjadKxEHaoQsM5Wn8LySsnY=",
        "owner": "NixOS",
        "repo": "nixpkgs",
        "rev": "896270d629efd47d14972e96f4fbb79fc9f45c80",
        "type": "github"
      },
      "original": {
        "id": "nixpkgs",
        "ref": "nixos-20.09",
        "type": "indirect"
      }
    },
    "root": {
      "inputs": {
        "nixpkgs": "nixpkgs"
      }
    }
  },
  "root": "root",
  "version": 7
}
