# yamllint disable rule:line-length
---
name: update-flake-lock
on:  # yamllint disable-line rule:truthy
  workflow_dispatch:  # allows manual triggering
  schedule:
    - cron: '0 0 1 * *'  # runs monthly at 00:00

jobs:
  lockfile:
    runs-on: ubuntu-latest
    steps:
      - uses: actions/checkout@a5ac7e51b41094c92402da3b24376905380afc29  # v4.1.6
      - uses: DeterminateSystems/nix-installer-action@7993355175c2765e5733dae74f3e0786fe0e5c4f  # v12
      - uses: DeterminateSystems/update-flake-lock@bba6a453b747fa3bd82895a4a296c3d0e3cfabd4  # v22
